Microsoft Visual Studio Solution File, Format Version 12.00
# Visual Studio Version 17
VisualStudioVersion = 17.0.31903.59
MinimumVisualStudioVersion = 10.0.40219.1
Project("{FAE04EC0-301F-11D3-BF4B-00C04F79EFBC}") = "ConselhoJuridicoIA", "ConselhoJuridicoIA\ConselhoJuridicoIA.csproj", "{87096F09-BB1E-41D6-8DBD-6A72C4E653FA}"
EndProject
Global
    GlobalSection(SolutionConfigurationPlatforms) = preSolution
        Debug|x64 = Debug|x64
        Release|x64 = Release|x64
    EndGlobalSection
    GlobalSection(ProjectConfigurationPlatforms) = postSolution
        {87096F09-BB1E-41D6-8DBD-6A72C4E653FA}.Debug|x64.ActiveCfg = Debug|x64
        {87096F09-BB1E-41D6-8DBD-6A72C4E653FA}.Debug|x64.Build.0 = Debug|x64
        {87096F09-BB1E-41D6-8DBD-6A72C4E653FA}.Release|x64.ActiveCfg = Release|x64
        {87096F09-BB1E-41D6-8DBD-6A72C4E653FA}.Release|x64.Build.0 = Release|x64
    EndGlobalSection
EndGlobal
